
Microsoft Visual Studio Solution File, Format Version 12.00
# Visual Studio Version 17
VisualStudioVersion = 17.3.32929.385
MinimumVisualStudioVersion = 10.0.40219.1
Project("{FAE04EC0-301F-11D3-BF4B-00C04F79EFBC}") = "TodoAppBlazor", "TodoAppBlazor\TodoAppBlazor.csproj", "{27897911-282F-488D-B30F-3BAEF11CC20B}"
EndProject
Global
	GlobalSection(SolutionConfigurationPlatforms) = preSolution
		Debug|Any CPU = Debug|Any CPU
		Release|Any CPU = Release|Any CPU
	EndGlobalSection
	GlobalSection(ProjectConfigurationPlatforms) = postSolution
		{27897911-282F-488D-B30F-3BAEF11CC20B}.Debug|Any CPU.ActiveCfg = Debug|Any CPU
		{27897911-282F-488D-B30F-3BAEF11CC20B}.Debug|Any CPU.Build.0 = Debug|Any CPU
		{27897911-282F-488D-B30F-3BAEF11CC20B}.Release|Any CPU.ActiveCfg = Release|Any CPU
		{27897911-282F-488D-B30F-3BAEF11CC20B}.Release|Any CPU.Build.0 = Release|Any CPU
	EndGlobalSection
	GlobalSection(SolutionProperties) = preSolution
		HideSolutionNode = FALSE
	EndGlobalSection
	GlobalSection(ExtensibilityGlobals) = postSolution
		SolutionGuid = {0A12B8E2-E746-46D4-B221-EF95C488B052}
	EndGlobalSection
EndGlobal
