
Microsoft Visual Studio Solution File, Format Version 12.00
# Visual Studio Version 17
VisualStudioVersion = 17.3.32929.385
MinimumVisualStudioVersion = 10.0.40219.1
Project("{FAE04EC0-301F-11D3-BF4B-00C04F79EFBC}") = "TodoApp", "TodoApp\TodoApp.csproj", "{82630074-9303-4652-B571-0690B51A5462}"
EndProject
Global
	GlobalSection(SolutionConfigurationPlatforms) = preSolution
		Debug|Any CPU = Debug|Any CPU
		Release|Any CPU = Release|Any CPU
	EndGlobalSection
	GlobalSection(ProjectConfigurationPlatforms) = postSolution
		{82630074-9303-4652-B571-0690B51A5462}.Debug|Any CPU.ActiveCfg = Debug|Any CPU
		{82630074-9303-4652-B571-0690B51A5462}.Debug|Any CPU.Build.0 = Debug|Any CPU
		{82630074-9303-4652-B571-0690B51A5462}.Release|Any CPU.ActiveCfg = Release|Any CPU
		{82630074-9303-4652-B571-0690B51A5462}.Release|Any CPU.Build.0 = Release|Any CPU
	EndGlobalSection
	GlobalSection(SolutionProperties) = preSolution
		HideSolutionNode = FALSE
	EndGlobalSection
	GlobalSection(ExtensibilityGlobals) = postSolution
		SolutionGuid = {6FFDF2FC-0169-42D0-BE8E-61F8651EBD77}
	EndGlobalSection
EndGlobal
